// !$*UTF8*$!
{
	archiveVersion = 1;
	classes = {
	};
	objectVersion = 51;
	objects = {

/* Begin PBXBuildFile section */
		03F3F1DEAF35E5AEFF85F18F /* Pods_SnapchatClone37.framework in Frameworks */ = {isa = PBXBuildFile; fileRef = 49C2C5C1F1A5BB12DC393CD6 /* Pods_SnapchatClone37.framework */; };
		AA64FB2D252B89E8001EDE45 /* FeedCell.swift in Sources */ = {isa = PBXBuildFile; fileRef = AA64FB2C252B89E8001EDE45 /* FeedCell.swift */; };
		AA64FB45252B8FCB001EDE45 /* Snap.swift in Sources */ = {isa = PBXBuildFile; fileRef = AA64FB44252B8FCB001EDE45 /* Snap.swift */; };
		AA70B9902527AC9500348D08 /* AppDelegate.swift in Sources */ = {isa = PBXBuildFile; fileRef = AA70B98F2527AC9500348D08 /* AppDelegate.swift */; };
		AA70B9922527AC9500348D08 /* SceneDelegate.swift in Sources */ = {isa = PBXBuildFile; fileRef = AA70B9912527AC9500348D08 /* SceneDelegate.swift */; };
		AA70B9942527AC9500348D08 /* SignInVC.swift in Sources */ = {isa = PBXBuildFile; fileRef = AA70B9932527AC9500348D08 /* SignInVC.swift */; };
		AA70B9972527AC9500348D08 /* Main.storyboard in Resources */ = {isa = PBXBuildFile; fileRef = AA70B9952527AC9500348D08 /* Main.storyboard */; };
		AA70B9992527AC9800348D08 /* Assets.xcassets in Resources */ = {isa = PBXBuildFile; fileRef = AA70B9982527AC9800348D08 /* Assets.xcassets */; };
		AA70B99C2527AC9800348D08 /* LaunchScreen.storyboard in Resources */ = {isa = PBXBuildFile; fileRef = AA70B99A2527AC9800348D08 /* LaunchScreen.storyboard */; };
		AA70B9A52527AD5300348D08 /* GoogleService-Info.plist in Resources */ = {isa = PBXBuildFile; fileRef = AA70B9A42527AD5300348D08 /* GoogleService-Info.plist */; };
		AA70B9D12527B55800348D08 /* FeedVC.swift in Sources */ = {isa = PBXBuildFile; fileRef = AA70B9D02527B55800348D08 /* FeedVC.swift */; };
		AA70B9D42527B5BB00348D08 /* UploadVC.swift in Sources */ = {isa = PBXBuildFile; fileRef = AA70B9D32527B5BB00348D08 /* UploadVC.swift */; };
		AA70B9D72527B61300348D08 /* SettingsVC.swift in Sources */ = {isa = PBXBuildFile; fileRef = AA70B9D62527B61300348D08 /* SettingsVC.swift */; };
		AA70B9DD2527B8F800348D08 /* SnapVC.swift in Sources */ = {isa = PBXBuildFile; fileRef = AA70B9DC2527B8F800348D08 /* SnapVC.swift */; };
		AA70B9E12527CE2F00348D08 /* UserSingleton.swift in Sources */ = {isa = PBXBuildFile; fileRef = AA70B9E02527CE2F00348D08 /* UserSingleton.swift */; };
/* End PBXBuildFile section */

/* Begin PBXFileReference section */
		49C2C5C1F1A5BB12DC393CD6 /* Pods_SnapchatClone37.framework */ = {isa = PBXFileReference; explicitFileType = wrapper.framework; includeInIndex = 0; path = Pods_SnapchatClone37.framework; sourceTree = BUILT_PRODUCTS_DIR; };
		7493FF3A6FBC9D530B3A8696 /* Pods-SnapchatClone37.debug.xcconfig */ = {isa = PBXFileReference; includeInIndex = 1; lastKnownFileType = text.xcconfig; name = "Pods-SnapchatClone37.debug.xcconfig"; path = "Target Support Files/Pods-SnapchatClone37/Pods-SnapchatClone37.debug.xcconfig"; sourceTree = "<group>"; };
		AA64FB2C252B89E8001EDE45 /* FeedCell.swift */ = {isa = PBXFileReference; lastKnownFileType = sourcecode.swift; path = FeedCell.swift; sourceTree = "<group>"; };
		AA64FB44252B8FCB001EDE45 /* Snap.swift */ = {isa = PBXFileReference; lastKnownFileType = sourcecode.swift; path = Snap.swift; sourceTree = "<group>"; };
		AA70B98C2527AC9500348D08 /* SnapchatClone37.app */ = {isa = PBXFileReference; explicitFileType = wrapper.application; includeInIndex = 0; path = SnapchatClone37.app; sourceTree = BUILT_PRODUCTS_DIR; };
		AA70B98F2527AC9500348D08 /* AppDelegate.swift */ = {isa = PBXFileReference; lastKnownFileType = sourcecode.swift; path = AppDelegate.swift; sourceTree = "<group>"; };
		AA70B9912527AC9500348D08 /* SceneDelegate.swift */ = {isa = PBXFileReference; lastKnownFileType = sourcecode.swift; path = SceneDelegate.swift; sourceTree = "<group>"; };
		AA70B9932527AC9500348D08 /* SignInVC.swift */ = {isa = PBXFileReference; lastKnownFileType = sourcecode.swift; path = SignInVC.swift; sourceTree = "<group>"; };
		AA70B9962527AC9500348D08 /* Base */ = {isa = PBXFileReference; lastKnownFileType = file.storyboard; name = Base; path = Base.lproj/Main.storyboard; sourceTree = "<group>"; };
		AA70B9982527AC9800348D08 /* Assets.xcassets */ = {isa = PBXFileReference; lastKnownFileType = folder.assetcatalog; path = Assets.xcassets; sourceTree = "<group>"; };
		AA70B99B2527AC9800348D08 /* Base */ = {isa = PBXFileReference; lastKnownFileType = file.storyboard; name = Base; path = Base.lproj/LaunchScreen.storyboard; sourceTree = "<group>"; };
		AA70B99D2527AC9800348D08 /* Info.plist */ = {isa = PBXFileReference; lastKnownFileType = text.plist.xml; path = Info.plist; sourceTree = "<group>"; };
		AA70B9A42527AD5300348D08 /* GoogleService-Info.plist */ = {isa = PBXFileReference; fileEncoding = 4; lastKnownFileType = text.plist.xml; path = "GoogleService-Info.plist"; sourceTree = "<group>"; };
		AA70B9D02527B55800348D08 /* FeedVC.swift */ = {isa = PBXFileReference; lastKnownFileType = sourcecode.swift; path = FeedVC.swift; sourceTree = "<group>"; };
		AA70B9D32527B5BB00348D08 /* UploadVC.swift */ = {isa = PBXFileReference; lastKnownFileType = sourcecode.swift; path = UploadVC.swift; sourceTree = "<group>"; };
		AA70B9D62527B61300348D08 /* SettingsVC.swift */ = {isa = PBXFileReference; lastKnownFileType = sourcecode.swift; path = SettingsVC.swift; sourceTree = "<group>"; };
		AA70B9DC2527B8F800348D08 /* SnapVC.swift */ = {isa = PBXFileReference; lastKnownFileType = sourcecode.swift; path = SnapVC.swift; sourceTree = "<group>"; };
		AA70B9E02527CE2F00348D08 /* UserSingleton.swift */ = {isa = PBXFileReference; lastKnownFileType = sourcecode.swift; path = UserSingleton.swift; sourceTree = "<group>"; };
		BE8F365760BFF8B604F5AB98 /* Pods-SnapchatClone37.release.xcconfig */ = {isa = PBXFileReference; includeInIndex = 1; lastKnownFileType = text.xcconfig; name = "Pods-SnapchatClone37.release.xcconfig"; path = "Target Support Files/Pods-SnapchatClone37/Pods-SnapchatClone37.release.xcconfig"; sourceTree = "<group>"; };
/* End PBXFileReference section */

/* Begin PBXFrameworksBuildPhase section */
		AA70B9892527AC9500348D08 /* Frameworks */ = {
			isa = PBXFrameworksBuildPhase;
			buildActionMask = 2147483647;
			files = (
				03F3F1DEAF35E5AEFF85F18F /* Pods_SnapchatClone37.framework in Frameworks */,
			);
			runOnlyForDeploymentPostprocessing = 0;
		};
/* End PBXFrameworksBuildPhase section */

/* Begin PBXGroup section */
		2EADB0BF70FCE0B7D62F93D3 /* Pods */ = {
			isa = PBXGroup;
			children = (
				7493FF3A6FBC9D530B3A8696 /* Pods-SnapchatClone37.debug.xcconfig */,
				BE8F365760BFF8B604F5AB98 /* Pods-SnapchatClone37.release.xcconfig */,
			);
			path = Pods;
			sourceTree = "<group>";
		};
		8F306DEA02CFA3E2D3FDFBF1 /* Frameworks */ = {
			isa = PBXGroup;
			children = (
				49C2C5C1F1A5BB12DC393CD6 /* Pods_SnapchatClone37.framework */,
			);
			name = Frameworks;
			sourceTree = "<group>";
		};
		AA70B9832527AC9500348D08 = {
			isa = PBXGroup;
			children = (
				AA70B98E2527AC9500348D08 /* SnapchatClone37 */,
				AA70B98D2527AC9500348D08 /* Products */,
				2EADB0BF70FCE0B7D62F93D3 /* Pods */,
				8F306DEA02CFA3E2D3FDFBF1 /* Frameworks */,
			);
			sourceTree = "<group>";
		};
		AA70B98D2527AC9500348D08 /* Products */ = {
			isa = PBXGroup;
			children = (
				AA70B98C2527AC9500348D08 /* SnapchatClone37.app */,
			);
			name = Products;
			sourceTree = "<group>";
		};
		AA70B98E2527AC9500348D08 /* SnapchatClone37 */ = {
			isa = PBXGroup;
			children = (
				AA70B9DF2527CE1600348D08 /* Model */,
				AA70B9DA2527B62100348D08 /* ViewControllers */,
				AA70B98F2527AC9500348D08 /* AppDelegate.swift */,
				AA70B9912527AC9500348D08 /* SceneDelegate.swift */,
				AA64FB2C252B89E8001EDE45 /* FeedCell.swift */,
				AA70B9952527AC9500348D08 /* Main.storyboard */,
				AA70B9982527AC9800348D08 /* Assets.xcassets */,
				AA70B99A2527AC9800348D08 /* LaunchScreen.storyboard */,
				AA70B99D2527AC9800348D08 /* Info.plist */,
				AA70B9A42527AD5300348D08 /* GoogleService-Info.plist */,
			);
			path = SnapchatClone37;
			sourceTree = "<group>";
		};
		AA70B9DA2527B62100348D08 /* ViewControllers */ = {
			isa = PBXGroup;
			children = (
				AA70B9932527AC9500348D08 /* SignInVC.swift */,
				AA70B9D02527B55800348D08 /* FeedVC.swift */,
				AA70B9D32527B5BB00348D08 /* UploadVC.swift */,
				AA70B9D62527B61300348D08 /* SettingsVC.swift */,
				AA70B9DC2527B8F800348D08 /* SnapVC.swift */,
			);
			path = ViewControllers;
			sourceTree = "<group>";
		};
		AA70B9DF2527CE1600348D08 /* Model */ = {
			isa = PBXGroup;
			children = (
				AA70B9E02527CE2F00348D08 /* UserSingleton.swift */,
				AA64FB44252B8FCB001EDE45 /* Snap.swift */,
			);
			path = Model;
			sourceTree = "<group>";
		};
/* End PBXGroup section */

/* Begin PBXNativeTarget section */
		AA70B98B2527AC9500348D08 /* SnapchatClone37 */ = {
			isa = PBXNativeTarget;
			buildConfigurationList = AA70B9A02527AC9800348D08 /* Build configuration list for PBXNativeTarget "SnapchatClone37" */;
			buildPhases = (
				3634F7ED73E67F2F8D8E1733 /* [CP] Check Pods Manifest.lock */,
				AA70B9882527AC9500348D08 /* Sources */,
				AA70B9892527AC9500348D08 /* Frameworks */,
				AA70B98A2527AC9500348D08 /* Resources */,
				3F6C8A71454604DC79C38EF1 /* [CP] Embed Pods Frameworks */,
			);
			buildRules = (
			);
			dependencies = (
			);
			name = SnapchatClone37;
			productName = SnapchatClone37;
			productReference = AA70B98C2527AC9500348D08 /* SnapchatClone37.app */;
			productType = "com.apple.product-type.application";
		};
/* End PBXNativeTarget section */

/* Begin PBXProject section */
		AA70B9842527AC9500348D08 /* Project object */ = {
			isa = PBXProject;
			attributes = {
				LastSwiftUpdateCheck = 1200;
				LastUpgradeCheck = 1200;
				TargetAttributes = {
					AA70B98B2527AC9500348D08 = {
						CreatedOnToolsVersion = 12.0.1;
					};
				};
			};
			buildConfigurationList = AA70B9872527AC9500348D08 /* Build configuration list for PBXProject "SnapchatClone37" */;
			compatibilityVersion = "Xcode 9.3";
			developmentRegion = en;
			hasScannedForEncodings = 0;
			knownRegions = (
				en,
				Base,
			);
			mainGroup = AA70B9832527AC9500348D08;
			productRefGroup = AA70B98D2527AC9500348D08 /* Products */;
			projectDirPath = "";
			projectRoot = "";
			targets = (
				AA70B98B2527AC9500348D08 /* SnapchatClone37 */,
			);
		};
/* End PBXProject section */

/* Begin PBXResourcesBuildPhase section */
		AA70B98A2527AC9500348D08 /* Resources */ = {
			isa = PBXResourcesBuildPhase;
			buildActionMask = 2147483647;
			files = (
				AA70B99C2527AC9800348D08 /* LaunchScreen.storyboard in Resources */,
				AA70B9A52527AD5300348D08 /* GoogleService-Info.plist in Resources */,
				AA70B9992527AC9800348D08 /* Assets.xcassets in Resources */,
				AA70B9972527AC9500348D08 /* Main.storyboard in Resources */,
			);
			runOnlyForDeploymentPostprocessing = 0;
		};
/* End PBXResourcesBuildPhase section */

/* Begin PBXShellScriptBuildPhase section */
		3634F7ED73E67F2F8D8E1733 /* [CP] Check Pods Manifest.lock */ = {
			isa = PBXShellScriptBuildPhase;
			buildActionMask = 2147483647;
			files = (
			);
			inputFileListPaths = (
			);
			inputPaths = (
				"${PODS_PODFILE_DIR_PATH}/Podfile.lock",
				"${PODS_ROOT}/Manifest.lock",
			);
			name = "[CP] Check Pods Manifest.lock";
			outputFileListPaths = (
			);
			outputPaths = (
				"$(DERIVED_FILE_DIR)/Pods-SnapchatClone37-checkManifestLockResult.txt",
			);
			runOnlyForDeploymentPostprocessing = 0;
			shellPath = /bin/sh;
			shellScript = "diff \"${PODS_PODFILE_DIR_PATH}/Podfile.lock\" \"${PODS_ROOT}/Manifest.lock\" > /dev/null\nif [ $? != 0 ] ; then\n    # print error to STDERR\n    echo \"error: The sandbox is not in sync with the Podfile.lock. Run 'pod install' or update your CocoaPods installation.\" >&2\n    exit 1\nfi\n# This output is used by Xcode 'outputs' to avoid re-running this script phase.\necho \"SUCCESS\" > \"${SCRIPT_OUTPUT_FILE_0}\"\n";
			showEnvVarsInLog = 0;
		};
		3F6C8A71454604DC79C38EF1 /* [CP] Embed Pods Frameworks */ = {
			isa = PBXShellScriptBuildPhase;
			buildActionMask = 2147483647;
			files = (
			);
			inputFileListPaths = (
				"${PODS_ROOT}/Target Support Files/Pods-SnapchatClone37/Pods-SnapchatClone37-frameworks-${CONFIGURATION}-input-files.xcfilelist",
			);
			name = "[CP] Embed Pods Frameworks";
			outputFileListPaths = (
				"${PODS_ROOT}/Target Support Files/Pods-SnapchatClone37/Pods-SnapchatClone37-frameworks-${CONFIGURATION}-output-files.xcfilelist",
			);
			runOnlyForDeploymentPostprocessing = 0;
			shellPath = /bin/sh;
			shellScript = "\"${PODS_ROOT}/Target Support Files/Pods-SnapchatClone37/Pods-SnapchatClone37-frameworks.sh\"\n";
			showEnvVarsInLog = 0;
		};
/* End PBXShellScriptBuildPhase section */

/* Begin PBXSourcesBuildPhase section */
		AA70B9882527AC9500348D08 /* Sources */ = {
			isa = PBXSourcesBuildPhase;
			buildActionMask = 2147483647;
			files = (
				AA70B9E12527CE2F00348D08 /* UserSingleton.swift in Sources */,
				AA64FB45252B8FCB001EDE45 /* Snap.swift in Sources */,
				AA70B9D12527B55800348D08 /* FeedVC.swift in Sources */,
				AA70B9942527AC9500348D08 /* SignInVC.swift in Sources */,
				AA70B9902527AC9500348D08 /* AppDelegate.swift in Sources */,
				AA70B9D42527B5BB00348D08 /* UploadVC.swift in Sources */,
				AA70B9DD2527B8F800348D08 /* SnapVC.swift in Sources */,
				AA70B9922527AC9500348D08 /* SceneDelegate.swift in Sources */,
				AA70B9D72527B61300348D08 /* SettingsVC.swift in Sources */,
				AA64FB2D252B89E8001EDE45 /* FeedCell.swift in Sources */,
			);
			runOnlyForDeploymentPostprocessing = 0;
		};
/* End PBXSourcesBuildPhase section */

/* Begin PBXVariantGroup section */
		AA70B9952527AC9500348D08 /* Main.storyboard */ = {
			isa = PBXVariantGroup;
			children = (
				AA70B9962527AC9500348D08 /* Base */,
			);
			name = Main.storyboard;
			sourceTree = "<group>";
		};
		AA70B99A2527AC9800348D08 /* LaunchScreen.storyboard */ = {
			isa = PBXVariantGroup;
			children = (
				AA70B99B2527AC9800348D08 /* Base */,
			);
			name = LaunchScreen.storyboard;
			sourceTree = "<group>";
		};
/* End PBXVariantGroup section */

/* Begin XCBuildConfiguration section */
		AA70B99E2527AC9800348D08 /* Debug */ = {
			isa = XCBuildConfiguration;
			buildSettings = {
				ALWAYS_SEARCH_USER_PATHS = NO;
				CLANG_ANALYZER_NONNULL = YES;
				CLANG_ANALYZER_NUMBER_OBJECT_CONVERSION = YES_AGGRESSIVE;
				CLANG_CXX_LANGUAGE_STANDARD = "gnu++14";
				CLANG_CXX_LIBRARY = "libc++";
				CLANG_ENABLE_MODULES = YES;
				CLANG_ENABLE_OBJC_ARC = YES;
				CLANG_ENABLE_OBJC_WEAK = YES;
				CLANG_WARN_BLOCK_CAPTURE_AUTORELEASING = YES;
				CLANG_WARN_BOOL_CONVERSION = YES;
				CLANG_WARN_COMMA = YES;
				CLANG_WARN_CONSTANT_CONVERSION = YES;
				CLANG_WARN_DEPRECATED_OBJC_IMPLEMENTATIONS = YES;
				CLANG_WARN_DIRECT_OBJC_ISA_USAGE = YES_ERROR;
				CLANG_WARN_DOCUMENTATION_COMMENTS = YES;
				CLANG_WARN_EMPTY_BODY = YES;
				CLANG_WARN_ENUM_CONVERSION = YES;
				CLANG_WARN_INFINITE_RECURSION = YES;
				CLANG_WARN_INT_CONVERSION = YES;
				CLANG_WARN_NON_LITERAL_NULL_CONVERSION = YES;
				CLANG_WARN_OBJC_IMPLICIT_RETAIN_SELF = YES;
				CLANG_WARN_OBJC_LITERAL_CONVERSION = YES;
				CLANG_WARN_OBJC_ROOT_CLASS = YES_ERROR;
				CLANG_WARN_QUOTED_INCLUDE_IN_FRAMEWORK_HEADER = YES;
				CLANG_WARN_RANGE_LOOP_ANALYSIS = YES;
				CLANG_WARN_STRICT_PROTOTYPES = YES;
				CLANG_WARN_SUSPICIOUS_MOVE = YES;
				CLANG_WARN_UNGUARDED_AVAILABILITY = YES_AGGRESSIVE;
				CLANG_WARN_UNREACHABLE_CODE = YES;
				CLANG_WARN__DUPLICATE_METHOD_MATCH = YES;
				COPY_PHASE_STRIP = NO;
				DEBUG_INFORMATION_FORMAT = dwarf;
				ENABLE_STRICT_OBJC_MSGSEND = YES;
				ENABLE_TESTABILITY = YES;
				GCC_C_LANGUAGE_STANDARD = gnu11;
				GCC_DYNAMIC_NO_PIC = NO;
				GCC_NO_COMMON_BLOCKS = YES;
				GCC_OPTIMIZATION_LEVEL = 0;
				GCC_PREPROCESSOR_DEFINITIONS = (
					"DEBUG=1",
					"$(inherited)",
				);
				GCC_WARN_64_TO_32_BIT_CONVERSION = YES;
				GCC_WARN_ABOUT_RETURN_TYPE = YES_ERROR;
				GCC_WARN_UNDECLARED_SELECTOR = YES;
				GCC_WARN_UNINITIALIZED_AUTOS = YES_AGGRESSIVE;
				GCC_WARN_UNUSED_FUNCTION = YES;
				GCC_WARN_UNUSED_VARIABLE = YES;
				IPHONEOS_DEPLOYMENT_TARGET = 14.0;
				MTL_ENABLE_DEBUG_INFO = INCLUDE_SOURCE;
				MTL_FAST_MATH = YES;
				ONLY_ACTIVE_ARCH = YES;
				SDKROOT = iphoneos;
				SWIFT_ACTIVE_COMPILATION_CONDITIONS = DEBUG;
				SWIFT_OPTIMIZATION_LEVEL = "-Onone";
			};
			name = Debug;
		};
		AA70B99F2527AC9800348D08 /* Release */ = {
			isa = XCBuildConfiguration;
			buildSettings = {
				ALWAYS_SEARCH_USER_PATHS = NO;
				CLANG_ANALYZER_NONNULL = YES;
				CLANG_ANALYZER_NUMBER_OBJECT_CONVERSION = YES_AGGRESSIVE;
				CLANG_CXX_LANGUAGE_STANDARD = "gnu++14";
				CLANG_CXX_LIBRARY = "libc++";
				CLANG_ENABLE_MODULES = YES;
				CLANG_ENABLE_OBJC_ARC = YES;
				CLANG_ENABLE_OBJC_WEAK = YES;
				CLANG_WARN_BLOCK_CAPTURE_AUTORELEASING = YES;
				CLANG_WARN_BOOL_CONVERSION = YES;
				CLANG_WARN_COMMA = YES;
				CLANG_WARN_CONSTANT_CONVERSION = YES;
				CLANG_WARN_DEPRECATED_OBJC_IMPLEMENTATIONS = YES;
				CLANG_WARN_DIRECT_OBJC_ISA_USAGE = YES_ERROR;
				CLANG_WARN_DOCUMENTATION_COMMENTS = YES;
				CLANG_WARN_EMPTY_BODY = YES;
				CLANG_WARN_ENUM_CONVERSION = YES;
				CLANG_WARN_INFINITE_RECURSION = YES;
				CLANG_WARN_INT_CONVERSION = YES;
				CLANG_WARN_NON_LITERAL_NULL_CONVERSION = YES;
				CLANG_WARN_OBJC_IMPLICIT_RETAIN_SELF = YES;
				CLANG_WARN_OBJC_LITERAL_CONVERSION = YES;
				CLANG_WARN_OBJC_ROOT_CLASS = YES_ERROR;
				CLANG_WARN_QUOTED_INCLUDE_IN_FRAMEWORK_HEADER = YES;
				CLANG_WARN_RANGE_LOOP_ANALYSIS = YES;
				CLANG_WARN_STRICT_PROTOTYPES = YES;
				CLANG_WARN_SUSPICIOUS_MOVE = YES;
				CLANG_WARN_UNGUARDED_AVAILABILITY = YES_AGGRESSIVE;
				CLANG_WARN_UNREACHABLE_CODE = YES;
				CLANG_WARN__DUPLICATE_METHOD_MATCH = YES;
				COPY_PHASE_STRIP = NO;
				DEBUG_INFORMATION_FORMAT = "dwarf-with-dsym";
				ENABLE_NS_ASSERTIONS = NO;
				ENABLE_STRICT_OBJC_MSGSEND = YES;
				GCC_C_LANGUAGE_STANDARD = gnu11;
				GCC_NO_COMMON_BLOCKS = YES;
				GCC_WARN_64_TO_32_BIT_CONVERSION = YES;
				GCC_WARN_ABOUT_RETURN_TYPE = YES_ERROR;
				GCC_WARN_UNDECLARED_SELECTOR = YES;
				GCC_WARN_UNINITIALIZED_AUTOS = YES_AGGRESSIVE;
				GCC_WARN_UNUSED_FUNCTION = YES;
				GCC_WARN_UNUSED_VARIABLE = YES;
				IPHONEOS_DEPLOYMENT_TARGET = 14.0;
				MTL_ENABLE_DEBUG_INFO = NO;
				MTL_FAST_MATH = YES;
				SDKROOT = iphoneos;
				SWIFT_COMPILATION_MODE = wholemodule;
				SWIFT_OPTIMIZATION_LEVEL = "-O";
				VALIDATE_PRODUCT = YES;
			};
			name = Release;
		};
		AA70B9A12527AC9800348D08 /* Debug */ = {
			isa = XCBuildConfiguration;
			baseConfigurationReference = 7493FF3A6FBC9D530B3A8696 /* Pods-SnapchatClone37.debug.xcconfig */;
			buildSettings = {
				ASSETCATALOG_COMPILER_APPICON_NAME = AppIcon;
				ASSETCATALOG_COMPILER_GLOBAL_ACCENT_COLOR_NAME = AccentColor;
				CODE_SIGN_STYLE = Automatic;
				INFOPLIST_FILE = SnapchatClone37/Info.plist;
				LD_RUNPATH_SEARCH_PATHS = (
					"$(inherited)",
					"@executable_path/Frameworks",
				);
				PRODUCT_BUNDLE_IDENTIFIER = x.LMR.SnapchatClone37;
				PRODUCT_NAME = "$(TARGET_NAME)";
				SWIFT_VERSION = 5.0;
				TARGETED_DEVICE_FAMILY = "1,2";
			};
			name = Debug;
		};
		AA70B9A22527AC9800348D08 /* Release */ = {
			isa = XCBuildConfiguration;
			baseConfigurationReference = BE8F365760BFF8B604F5AB98 /* Pods-SnapchatClone37.release.xcconfig */;
			buildSettings = {
				ASSETCATALOG_COMPILER_APPICON_NAME = AppIcon;
				ASSETCATALOG_COMPILER_GLOBAL_ACCENT_COLOR_NAME = AccentColor;
				CODE_SIGN_STYLE = Automatic;
				INFOPLIST_FILE = SnapchatClone37/Info.plist;
				LD_RUNPATH_SEARCH_PATHS = (
					"$(inherited)",
					"@executable_path/Frameworks",
				);
				PRODUCT_BUNDLE_IDENTIFIER = x.LMR.SnapchatClone37;
				PRODUCT_NAME = "$(TARGET_NAME)";
				SWIFT_VERSION = 5.0;
				TARGETED_DEVICE_FAMILY = "1,2";
			};
			name = Release;
		};
/* End XCBuildConfiguration section */

/* Begin XCConfigurationList section */
		AA70B9872527AC9500348D08 /* Build configuration list for PBXProject "SnapchatClone37" */ = {
			isa = XCConfigurationList;
			buildConfigurations = (
				AA70B99E2527AC9800348D08 /* Debug */,
				AA70B99F2527AC9800348D08 /* Release */,
			);
			defaultConfigurationIsVisible = 0;
			defaultConfigurationName = Release;
		};
		AA70B9A02527AC9800348D08 /* Build configuration list for PBXNativeTarget "SnapchatClone37" */ = {
			isa = XCConfigurationList;
			buildConfigurations = (
				AA70B9A12527AC9800348D08 /* Debug */,
				AA70B9A22527AC9800348D08 /* Release */,
			);
			defaultConfigurationIsVisible = 0;
			defaultConfigurationName = Release;
		};
/* End XCConfigurationList section */
	};
	rootObject = AA70B9842527AC9500348D08 /* Project object */;
}
